
Microsoft Visual Studio Solution File, Format Version 12.00
# Visual Studio Version 16
VisualStudioVersion = 16.0.30804.86
MinimumVisualStudioVersion = 10.0.40219.1
Project("{FAE04EC0-301F-11D3-BF4B-00C04F79EFBC}") = "MesheshaBooks", "MesheshaBooks.csproj", "{2E5AC8EA-ACFC-4DC2-AC9C-3B04DA40AD8D}"
EndProject
Global
	GlobalSection(SolutionConfigurationPlatforms) = preSolution
		Debug|Any CPU = Debug|Any CPU
		Release|Any CPU = Release|Any CPU
	EndGlobalSection
	GlobalSection(ProjectConfigurationPlatforms) = postSolution
		{2E5AC8EA-ACFC-4DC2-AC9C-3B04DA40AD8D}.Debug|Any CPU.ActiveCfg = Debug|Any CPU
		{2E5AC8EA-ACFC-4DC2-AC9C-3B04DA40AD8D}.Debug|Any CPU.Build.0 = Debug|Any CPU
		{2E5AC8EA-ACFC-4DC2-AC9C-3B04DA40AD8D}.Release|Any CPU.ActiveCfg = Release|Any CPU
		{2E5AC8EA-ACFC-4DC2-AC9C-3B04DA40AD8D}.Release|Any CPU.Build.0 = Release|Any CPU
	EndGlobalSection
	GlobalSection(SolutionProperties) = preSolution
		HideSolutionNode = FALSE
	EndGlobalSection
	GlobalSection(ExtensibilityGlobals) = postSolution
		SolutionGuid = {B2997C7E-265D-4D0E-97ED-6C9C045F118E}
	EndGlobalSection
EndGlobal
